
Microsoft Visual Studio Solution File, Format Version 12.00
# Visual Studio Version 17
VisualStudioVersion = 17.3.32825.248
MinimumVisualStudioVersion = 10.0.40219.1
Project("{FAE04EC0-301F-11D3-BF4B-00C04F79EFBC}") = "TestePdf", "TestePdf.csproj", "{2A3FC9F6-E954-479B-8608-243969591D89}"
EndProject
Global
	GlobalSection(SolutionConfigurationPlatforms) = preSolution
		Debug|Any CPU = Debug|Any CPU
		Release|Any CPU = Release|Any CPU
	EndGlobalSection
	GlobalSection(ProjectConfigurationPlatforms) = postSolution
		{2A3FC9F6-E954-479B-8608-243969591D89}.Debug|Any CPU.ActiveCfg = Debug|Any CPU
		{2A3FC9F6-E954-479B-8608-243969591D89}.Debug|Any CPU.Build.0 = Debug|Any CPU
		{2A3FC9F6-E954-479B-8608-243969591D89}.Release|Any CPU.ActiveCfg = Release|Any CPU
		{2A3FC9F6-E954-479B-8608-243969591D89}.Release|Any CPU.Build.0 = Release|Any CPU
	EndGlobalSection
	GlobalSection(SolutionProperties) = preSolution
		HideSolutionNode = FALSE
	EndGlobalSection
	GlobalSection(ExtensibilityGlobals) = postSolution
		SolutionGuid = {412787F4-211F-4847-B54F-B3425DD7D00D}
	EndGlobalSection
EndGlobal
